// !$*UTF8*$!
{
	archiveVersion = 1;
	classes = {
	};
	objectVersion = 77;
	objects = {

/* Begin PBXBuildFile section */
		C92AF7D42F73061A003527C0 /* UITests.xctestplan in Resources */ = {isa = PBXBuildFile; fileRef = C92AF7D32F73061A003527C0 /* UITests.xctestplan */; };
		C92AF7D62F730645003527C0 /* UnitTests.xctestplan in Resources */ = {isa = PBXBuildFile; fileRef = C92AF7D52F730645003527C0 /* UnitTests.xctestplan */; };
		C9D3B9C32F7571CB00FE6C35 /* huckleberry_export.csv in Resources */ = {isa = PBXBuildFile; fileRef = C9D3B9C22F7571CB00FE6C35 /* huckleberry_export.csv */; };
		D0A000000000000000000001 /* BabyTrackerFeature in Frameworks */ = {isa = PBXBuildFile; productRef = D0A000000000000000000040 /* BabyTrackerFeature */; };
		D0A000000000000000000002 /* BabyTrackerDomain in Frameworks */ = {isa = PBXBuildFile; productRef = D0A000000000000000000041 /* BabyTrackerDomain */; };
		D0A000000000000000000003 /* BabyTrackerPersistence in Frameworks */ = {isa = PBXBuildFile; productRef = D0A000000000000000000042 /* BabyTrackerPersistence */; };
		D0A000000000000000000004 /* BabyTrackerDomain in Frameworks */ = {isa = PBXBuildFile; productRef = D0A000000000000000000041 /* BabyTrackerDomain */; };
		D0A000000000000000000005 /* BabyTrackerFeature in Frameworks */ = {isa = PBXBuildFile; productRef = D0A000000000000000000040 /* BabyTrackerFeature */; };
		D0A000000000000000000006 /* BabyTrackerPersistence in Frameworks */ = {isa = PBXBuildFile; productRef = D0A000000000000000000042 /* BabyTrackerPersistence */; };
		D0A000000000000000000007 /* BabyTrackerSync in Frameworks */ = {isa = PBXBuildFile; productRef = D0A000000000000000000043 /* BabyTrackerSync */; };
		D0A000000000000000000008 /* BabyTrackerSync in Frameworks */ = {isa = PBXBuildFile; productRef = D0A000000000000000000043 /* BabyTrackerSync */; };
		D0A000000000000000000050 /* BabyTrackerLiveActivities in Frameworks */ = {isa = PBXBuildFile; productRef = D0A000000000000000000044 /* BabyTrackerLiveActivities */; };
		D0A000000000000000000051 /* BabyTrackerDomain in Frameworks */ = {isa = PBXBuildFile; productRef = D0A000000000000000000041 /* BabyTrackerDomain */; };
		D0A000000000000000000052 /* BabyTrackerLiveActivities in Frameworks */ = {isa = PBXBuildFile; productRef = D0A000000000000000000044 /* BabyTrackerLiveActivities */; };
		D0A000000000000000000053 /* Baby Tracker Live Activities.appex in Embed App Extensions */ = {isa = PBXBuildFile; fileRef = D0A000000000000000000054 /* Baby Tracker Live Activities.appex */; settings = {ATTRIBUTES = (RemoveHeadersOnCopy, ); }; };
/* End PBXBuildFile section */

/* Begin PBXContainerItemProxy section */
		C93425822F6BEA40009ECD88 /* PBXContainerItemProxy */ = {
			isa = PBXContainerItemProxy;
			containerPortal = C93425682F6BEA3F009ECD88 /* Project object */;
			proxyType = 1;
			remoteGlobalIDString = C934256F2F6BEA3F009ECD88;
			remoteInfo = "Baby Tracker";
		};
		C934258C2F6BEA40009ECD88 /* PBXContainerItemProxy */ = {
			isa = PBXContainerItemProxy;
			containerPortal = C93425682F6BEA3F009ECD88 /* Project object */;
			proxyType = 1;
			remoteGlobalIDString = C934256F2F6BEA3F009ECD88;
			remoteInfo = "Baby Tracker";
		};
		D0A000000000000000000059 /* PBXContainerItemProxy */ = {
			isa = PBXContainerItemProxy;
			containerPortal = C93425682F6BEA3F009ECD88 /* Project object */;
			proxyType = 1;
			remoteGlobalIDString = D0A00000000000000000005A;
			remoteInfo = "Baby Tracker Live Activities";
		};
/* End PBXContainerItemProxy section */

/* Begin PBXCopyFilesBuildPhase section */
		D0A000000000000000000058 /* Embed App Extensions */ = {
			isa = PBXCopyFilesBuildPhase;
			buildActionMask = 2147483647;
			dstPath = "";
			dstSubfolderSpec = 13;
			files = (
				D0A000000000000000000053 /* Baby Tracker Live Activities.appex in Embed App Extensions */,
			);
			name = "Embed App Extensions";
			runOnlyForDeploymentPostprocessing = 0;
		};
/* End PBXCopyFilesBuildPhase section */

/* Begin PBXFileReference section */
		C92AF7D32F73061A003527C0 /* UITests.xctestplan */ = {isa = PBXFileReference; lastKnownFileType = text; path = UITests.xctestplan; sourceTree = "<group>"; };
		C92AF7D52F730645003527C0 /* UnitTests.xctestplan */ = {isa = PBXFileReference; lastKnownFileType = text; path = UnitTests.xctestplan; sourceTree = "<group>"; };
		C93425702F6BEA3F009ECD88 /* Baby Tracker.app */ = {isa = PBXFileReference; explicitFileType = wrapper.application; includeInIndex = 0; path = "Baby Tracker.app"; sourceTree = BUILT_PRODUCTS_DIR; };
		C93425812F6BEA40009ECD88 /* Baby TrackerTests.xctest */ = {isa = PBXFileReference; explicitFileType = wrapper.cfbundle; includeInIndex = 0; path = "Baby TrackerTests.xctest"; sourceTree = BUILT_PRODUCTS_DIR; };
		C934258B2F6BEA40009ECD88 /* Baby TrackerUITests.xctest */ = {isa = PBXFileReference; explicitFileType = wrapper.cfbundle; includeInIndex = 0; path = "Baby TrackerUITests.xctest"; sourceTree = BUILT_PRODUCTS_DIR; };
		C9D3B9C22F7571CB00FE6C35 /* huckleberry_export.csv */ = {isa = PBXFileReference; lastKnownFileType = text; path = huckleberry_export.csv; sourceTree = "<group>"; };
		D0A000000000000000000021 /* Project-Debug.xcconfig */ = {isa = PBXFileReference; lastKnownFileType = text.xcconfig; path = "Project-Debug.xcconfig"; sourceTree = "<group>"; };
		D0A000000000000000000022 /* Project-Release.xcconfig */ = {isa = PBXFileReference; lastKnownFileType = text.xcconfig; path = "Project-Release.xcconfig"; sourceTree = "<group>"; };
		D0A000000000000000000023 /* App.xcconfig */ = {isa = PBXFileReference; lastKnownFileType = text.xcconfig; path = App.xcconfig; sourceTree = "<group>"; };
		D0A000000000000000000024 /* Tests.xcconfig */ = {isa = PBXFileReference; lastKnownFileType = text.xcconfig; path = Tests.xcconfig; sourceTree = "<group>"; };
		D0A000000000000000000025 /* UITests.xcconfig */ = {isa = PBXFileReference; lastKnownFileType = text.xcconfig; path = UITests.xcconfig; sourceTree = "<group>"; };
		D0A000000000000000000054 /* Baby Tracker Live Activities.appex */ = {isa = PBXFileReference; explicitFileType = "wrapper.app-extension"; includeInIndex = 0; path = "Baby Tracker Live Activities.appex"; sourceTree = BUILT_PRODUCTS_DIR; };
		D0A000000000000000000055 /* LiveActivitiesExtension.xcconfig */ = {isa = PBXFileReference; lastKnownFileType = text.xcconfig; path = LiveActivitiesExtension.xcconfig; sourceTree = "<group>"; };
/* End PBXFileReference section */

/* Begin PBXFileSystemSynchronizedBuildFileExceptionSet section */
		C93425932F6BEA40009ECD88 /* Exceptions for "Baby Tracker" folder in "Baby Tracker" target */ = {
			isa = PBXFileSystemSynchronizedBuildFileExceptionSet;
			membershipExceptions = (
				Info.plist,
			);
			target = C934256F2F6BEA3F009ECD88 /* Baby Tracker */;
		};
		D0A000000000000000000011 /* Exceptions for "Packages" folder in "Baby Tracker" target */ = {
			isa = PBXFileSystemSynchronizedBuildFileExceptionSet;
			membershipExceptions = (
				BabyTrackerDomain,
				BabyTrackerFeature,
				BabyTrackerLiveActivities,
				BabyTrackerPersistence,
				BabyTrackerSync,
			);
			target = C934256F2F6BEA3F009ECD88 /* Baby Tracker */;
		};
		D0A000000000000000000056 /* Exceptions for "Baby Tracker Live Activities" folder in "Baby Tracker Live Activities" target */ = {
			isa = PBXFileSystemSynchronizedBuildFileExceptionSet;
			membershipExceptions = (
				Info.plist,
			);
			target = D0A00000000000000000005A /* Baby Tracker Live Activities */;
		};
/* End PBXFileSystemSynchronizedBuildFileExceptionSet section */

/* Begin PBXFileSystemSynchronizedRootGroup section */
		C93425722F6BEA3F009ECD88 /* Baby Tracker */ = {
			isa = PBXFileSystemSynchronizedRootGroup;
			exceptions = (
				C93425932F6BEA40009ECD88 /* Exceptions for "Baby Tracker" folder in "Baby Tracker" target */,
			);
			path = "Baby Tracker";
			sourceTree = "<group>";
		};
		C93425842F6BEA40009ECD88 /* Baby TrackerTests */ = {
			isa = PBXFileSystemSynchronizedRootGroup;
			path = "Baby TrackerTests";
			sourceTree = "<group>";
		};
		C934258E2F6BEA40009ECD88 /* Baby TrackerUITests */ = {
			isa = PBXFileSystemSynchronizedRootGroup;
			path = "Baby TrackerUITests";
			sourceTree = "<group>";
		};
		D0A000000000000000000010 /* Packages */ = {
			isa = PBXFileSystemSynchronizedRootGroup;
			exceptions = (
				D0A000000000000000000011 /* Exceptions for "Packages" folder in "Baby Tracker" target */,
			);
			path = Packages;
			sourceTree = "<group>";
		};
		D0A000000000000000000057 /* Baby Tracker Live Activities */ = {
			isa = PBXFileSystemSynchronizedRootGroup;
			exceptions = (
				D0A000000000000000000056 /* Exceptions for "Baby Tracker Live Activities" folder in "Baby Tracker Live Activities" target */,
			);
			path = "Baby Tracker Live Activities";
			sourceTree = "<group>";
		};
/* End PBXFileSystemSynchronizedRootGroup section */

/* Begin PBXFrameworksBuildPhase section */
		C934256D2F6BEA3F009ECD88 /* Frameworks */ = {
			isa = PBXFrameworksBuildPhase;
			buildActionMask = 2147483647;
			files = (
				D0A000000000000000000001 /* BabyTrackerFeature in Frameworks */,
				D0A000000000000000000004 /* BabyTrackerDomain in Frameworks */,
				D0A000000000000000000003 /* BabyTrackerPersistence in Frameworks */,
				D0A000000000000000000050 /* BabyTrackerLiveActivities in Frameworks */,
				D0A000000000000000000007 /* BabyTrackerSync in Frameworks */,
			);
			runOnlyForDeploymentPostprocessing = 0;
		};
		C934257E2F6BEA40009ECD88 /* Frameworks */ = {
			isa = PBXFrameworksBuildPhase;
			buildActionMask = 2147483647;
			files = (
				D0A000000000000000000002 /* BabyTrackerDomain in Frameworks */,
				D0A000000000000000000005 /* BabyTrackerFeature in Frameworks */,
				D0A000000000000000000006 /* BabyTrackerPersistence in Frameworks */,
				D0A000000000000000000008 /* BabyTrackerSync in Frameworks */,
			);
			runOnlyForDeploymentPostprocessing = 0;
		};
		C93425882F6BEA40009ECD88 /* Frameworks */ = {
			isa = PBXFrameworksBuildPhase;
			buildActionMask = 2147483647;
			files = (
			);
			runOnlyForDeploymentPostprocessing = 0;
		};
		D0A00000000000000000005F /* Frameworks */ = {
			isa = PBXFrameworksBuildPhase;
			buildActionMask = 2147483647;
			files = (
				D0A000000000000000000051 /* BabyTrackerDomain in Frameworks */,
				D0A000000000000000000052 /* BabyTrackerLiveActivities in Frameworks */,
			);
			runOnlyForDeploymentPostprocessing = 0;
		};
/* End PBXFrameworksBuildPhase section */

/* Begin PBXGroup section */
		C93425672F6BEA3F009ECD88 = {
			isa = PBXGroup;
			children = (
				C9D3B9C22F7571CB00FE6C35 /* huckleberry_export.csv */,
				C92AF7D52F730645003527C0 /* UnitTests.xctestplan */,
				C92AF7D32F73061A003527C0 /* UITests.xctestplan */,
				C93425722F6BEA3F009ECD88 /* Baby Tracker */,
				D0A000000000000000000057 /* Baby Tracker Live Activities */,
				C93425842F6BEA40009ECD88 /* Baby TrackerTests */,
				C934258E2F6BEA40009ECD88 /* Baby TrackerUITests */,
				D0A000000000000000000010 /* Packages */,
				D0A000000000000000000020 /* Config */,
				C93425712F6BEA3F009ECD88 /* Products */,
			);
			sourceTree = "<group>";
		};
		C93425712F6BEA3F009ECD88 /* Products */ = {
			isa = PBXGroup;
			children = (
				C93425702F6BEA3F009ECD88 /* Baby Tracker.app */,
				D0A000000000000000000054 /* Baby Tracker Live Activities.appex */,
				C93425812F6BEA40009ECD88 /* Baby TrackerTests.xctest */,
				C934258B2F6BEA40009ECD88 /* Baby TrackerUITests.xctest */,
			);
			name = Products;
			sourceTree = "<group>";
		};
		D0A000000000000000000020 /* Config */ = {
			isa = PBXGroup;
			children = (
				D0A000000000000000000021 /* Project-Debug.xcconfig */,
				D0A000000000000000000022 /* Project-Release.xcconfig */,
				D0A000000000000000000023 /* App.xcconfig */,
				D0A000000000000000000055 /* LiveActivitiesExtension.xcconfig */,
				D0A000000000000000000024 /* Tests.xcconfig */,
				D0A000000000000000000025 /* UITests.xcconfig */,
			);
			path = Config;
			sourceTree = "<group>";
		};
/* End PBXGroup section */

/* Begin PBXNativeTarget section */
		C934256F2F6BEA3F009ECD88 /* Baby Tracker */ = {
			isa = PBXNativeTarget;
			buildConfigurationList = C93425942F6BEA40009ECD88 /* Build configuration list for PBXNativeTarget "Baby Tracker" */;
			buildPhases = (
				C934256C2F6BEA3F009ECD88 /* Sources */,
				C934256D2F6BEA3F009ECD88 /* Frameworks */,
				D0A000000000000000000058 /* Embed App Extensions */,
				C934256E2F6BEA3F009ECD88 /* Resources */,
			);
			buildRules = (
			);
			dependencies = (
				D0A00000000000000000005B /* PBXTargetDependency */,
			);
			fileSystemSynchronizedGroups = (
				C93425722F6BEA3F009ECD88 /* Baby Tracker */,
				D0A000000000000000000010 /* Packages */,
			);
			name = "Baby Tracker";
			packageProductDependencies = (
				D0A000000000000000000040 /* BabyTrackerFeature */,
				D0A000000000000000000041 /* BabyTrackerDomain */,
				D0A000000000000000000044 /* BabyTrackerLiveActivities */,
				D0A000000000000000000042 /* BabyTrackerPersistence */,
				D0A000000000000000000043 /* BabyTrackerSync */,
			);
			productName = "Baby Tracker";
			productReference = C93425702F6BEA3F009ECD88 /* Baby Tracker.app */;
			productType = "com.apple.product-type.application";
		};
		C93425802F6BEA40009ECD88 /* Baby TrackerTests */ = {
			isa = PBXNativeTarget;
			buildConfigurationList = C93425992F6BEA40009ECD88 /* Build configuration list for PBXNativeTarget "Baby TrackerTests" */;
			buildPhases = (
				C934257D2F6BEA40009ECD88 /* Sources */,
				C934257E2F6BEA40009ECD88 /* Frameworks */,
				C934257F2F6BEA40009ECD88 /* Resources */,
			);
			buildRules = (
			);
			dependencies = (
				C93425832F6BEA40009ECD88 /* PBXTargetDependency */,
			);
			fileSystemSynchronizedGroups = (
				C93425842F6BEA40009ECD88 /* Baby TrackerTests */,
			);
			name = "Baby TrackerTests";
			packageProductDependencies = (
				D0A000000000000000000041 /* BabyTrackerDomain */,
				D0A000000000000000000040 /* BabyTrackerFeature */,
				D0A000000000000000000042 /* BabyTrackerPersistence */,
				D0A000000000000000000043 /* BabyTrackerSync */,
			);
			productName = "Baby TrackerTests";
			productReference = C93425812F6BEA40009ECD88 /* Baby TrackerTests.xctest */;
			productType = "com.apple.product-type.bundle.unit-test";
		};
		C934258A2F6BEA40009ECD88 /* Baby TrackerUITests */ = {
			isa = PBXNativeTarget;
			buildConfigurationList = C934259C2F6BEA40009ECD88 /* Build configuration list for PBXNativeTarget "Baby TrackerUITests" */;
			buildPhases = (
				C93425872F6BEA40009ECD88 /* Sources */,
				C93425882F6BEA40009ECD88 /* Frameworks */,
				C93425892F6BEA40009ECD88 /* Resources */,
			);
			buildRules = (
			);
			dependencies = (
				C934258D2F6BEA40009ECD88 /* PBXTargetDependency */,
			);
			fileSystemSynchronizedGroups = (
				C934258E2F6BEA40009ECD88 /* Baby TrackerUITests */,
			);
			name = "Baby TrackerUITests";
			packageProductDependencies = (
			);
			productName = "Baby TrackerUITests";
			productReference = C934258B2F6BEA40009ECD88 /* Baby TrackerUITests.xctest */;
			productType = "com.apple.product-type.bundle.ui-testing";
		};
		D0A00000000000000000005A /* Baby Tracker Live Activities */ = {
			isa = PBXNativeTarget;
			buildConfigurationList = D0A00000000000000000005E /* Build configuration list for PBXNativeTarget "Baby Tracker Live Activities" */;
			buildPhases = (
				D0A000000000000000000061 /* Sources */,
				D0A00000000000000000005F /* Frameworks */,
				D0A000000000000000000060 /* Resources */,
			);
			buildRules = (
			);
			dependencies = (
			);
			fileSystemSynchronizedGroups = (
				D0A000000000000000000057 /* Baby Tracker Live Activities */,
			);
			name = "Baby Tracker Live Activities";
			packageProductDependencies = (
				D0A000000000000000000041 /* BabyTrackerDomain */,
				D0A000000000000000000044 /* BabyTrackerLiveActivities */,
			);
			productName = "Baby Tracker Live Activities";
			productReference = D0A000000000000000000054 /* Baby Tracker Live Activities.appex */;
			productType = "com.apple.product-type.app-extension";
		};
/* End PBXNativeTarget section */

/* Begin PBXProject section */
		C93425682F6BEA3F009ECD88 /* Project object */ = {
			isa = PBXProject;
			attributes = {
				BuildIndependentTargetsInParallel = 1;
				LastSwiftUpdateCheck = 2630;
				LastUpgradeCheck = 2630;
				TargetAttributes = {
					C934256F2F6BEA3F009ECD88 = {
						CreatedOnToolsVersion = 26.3;
					};
					C93425802F6BEA40009ECD88 = {
						CreatedOnToolsVersion = 26.3;
						TestTargetID = C934256F2F6BEA3F009ECD88;
					};
					C934258A2F6BEA40009ECD88 = {
						CreatedOnToolsVersion = 26.3;
						TestTargetID = C934256F2F6BEA3F009ECD88;
					};
					D0A00000000000000000005A = {
						CreatedOnToolsVersion = 26.3;
					};
				};
			};
			buildConfigurationList = C934256B2F6BEA3F009ECD88 /* Build configuration list for PBXProject "Baby Tracker" */;
			developmentRegion = en;
			hasScannedForEncodings = 0;
			knownRegions = (
				en,
				Base,
			);
			mainGroup = C93425672F6BEA3F009ECD88;
			minimizedProjectReferenceProxies = 1;
			packageReferences = (
				D0A000000000000000000030 /* XCLocalSwiftPackageReference "Packages/BabyTrackerDomain" */,
				D0A000000000000000000031 /* XCLocalSwiftPackageReference "Packages/BabyTrackerPersistence" */,
				D0A000000000000000000032 /* XCLocalSwiftPackageReference "Packages/BabyTrackerSync" */,
				D0A000000000000000000033 /* XCLocalSwiftPackageReference "Packages/BabyTrackerFeature" */,
				D0A000000000000000000034 /* XCLocalSwiftPackageReference "Packages/BabyTrackerLiveActivities" */,
			);
			preferredProjectObjectVersion = 77;
			productRefGroup = C93425712F6BEA3F009ECD88 /* Products */;
			projectDirPath = "";
			projectRoot = "";
			targets = (
				C934256F2F6BEA3F009ECD88 /* Baby Tracker */,
				D0A00000000000000000005A /* Baby Tracker Live Activities */,
				C93425802F6BEA40009ECD88 /* Baby TrackerTests */,
				C934258A2F6BEA40009ECD88 /* Baby TrackerUITests */,
			);
		};
/* End PBXProject section */

/* Begin PBXResourcesBuildPhase section */
		C934256E2F6BEA3F009ECD88 /* Resources */ = {
			isa = PBXResourcesBuildPhase;
			buildActionMask = 2147483647;
			files = (
				C9D3B9C32F7571CB00FE6C35 /* huckleberry_export.csv in Resources */,
				C92AF7D42F73061A003527C0 /* UITests.xctestplan in Resources */,
				C92AF7D62F730645003527C0 /* UnitTests.xctestplan in Resources */,
			);
			runOnlyForDeploymentPostprocessing = 0;
		};
		C934257F2F6BEA40009ECD88 /* Resources */ = {
			isa = PBXResourcesBuildPhase;
			buildActionMask = 2147483647;
			files = (
			);
			runOnlyForDeploymentPostprocessing = 0;
		};
		C93425892F6BEA40009ECD88 /* Resources */ = {
			isa = PBXResourcesBuildPhase;
			buildActionMask = 2147483647;
			files = (
			);
			runOnlyForDeploymentPostprocessing = 0;
		};
		D0A000000000000000000060 /* Resources */ = {
			isa = PBXResourcesBuildPhase;
			buildActionMask = 2147483647;
			files = (
			);
			runOnlyForDeploymentPostprocessing = 0;
		};
/* End PBXResourcesBuildPhase section */

/* Begin PBXSourcesBuildPhase section */
		C934256C2F6BEA3F009ECD88 /* Sources */ = {
			isa = PBXSourcesBuildPhase;
			buildActionMask = 2147483647;
			files = (
			);
			runOnlyForDeploymentPostprocessing = 0;
		};
		C934257D2F6BEA40009ECD88 /* Sources */ = {
			isa = PBXSourcesBuildPhase;
			buildActionMask = 2147483647;
			files = (
			);
			runOnlyForDeploymentPostprocessing = 0;
		};
		C93425872F6BEA40009ECD88 /* Sources */ = {
			isa = PBXSourcesBuildPhase;
			buildActionMask = 2147483647;
			files = (
			);
			runOnlyForDeploymentPostprocessing = 0;
		};
		D0A000000000000000000061 /* Sources */ = {
			isa = PBXSourcesBuildPhase;
			buildActionMask = 2147483647;
			files = (
			);
			runOnlyForDeploymentPostprocessing = 0;
		};
/* End PBXSourcesBuildPhase section */

/* Begin PBXTargetDependency section */
		C93425832F6BEA40009ECD88 /* PBXTargetDependency */ = {
			isa = PBXTargetDependency;
			target = C934256F2F6BEA3F009ECD88 /* Baby Tracker */;
			targetProxy = C93425822F6BEA40009ECD88 /* PBXContainerItemProxy */;
		};
		C934258D2F6BEA40009ECD88 /* PBXTargetDependency */ = {
			isa = PBXTargetDependency;
			target = C934256F2F6BEA3F009ECD88 /* Baby Tracker */;
			targetProxy = C934258C2F6BEA40009ECD88 /* PBXContainerItemProxy */;
		};
		D0A00000000000000000005B /* PBXTargetDependency */ = {
			isa = PBXTargetDependency;
			target = D0A00000000000000000005A /* Baby Tracker Live Activities */;
			targetProxy = D0A000000000000000000059 /* PBXContainerItemProxy */;
		};
/* End PBXTargetDependency section */

/* Begin XCBuildConfiguration section */
		C93425952F6BEA40009ECD88 /* Debug */ = {
			isa = XCBuildConfiguration;
			baseConfigurationReference = D0A000000000000000000023 /* App.xcconfig */;
			buildSettings = {
				CODE_SIGN_ENTITLEMENTS = "Baby Tracker/Baby Tracker.entitlements";
				DEVELOPMENT_TEAM = 8AGZ5RNUVG;
				ENABLE_APP_SANDBOX = YES;
				INFOPLIST_KEY_NSSupportsLiveActivities = YES;
				INFOPLIST_KEY_UISupportedInterfaceOrientations_iPad = "UIInterfaceOrientationPortrait UIInterfaceOrientationPortraitUpsideDown UIInterfaceOrientationLandscapeLeft UIInterfaceOrientationLandscapeRight";
				INFOPLIST_KEY_UISupportedInterfaceOrientations_iPhone = "UIInterfaceOrientationPortrait UIInterfaceOrientationLandscapeLeft UIInterfaceOrientationLandscapeRight";
			};
			name = Debug;
		};
		C93425962F6BEA40009ECD88 /* Release */ = {
			isa = XCBuildConfiguration;
			baseConfigurationReference = D0A000000000000000000023 /* App.xcconfig */;
			buildSettings = {
				CODE_SIGN_ENTITLEMENTS = "Baby Tracker/Baby Tracker.entitlements";
				DEVELOPMENT_TEAM = 8AGZ5RNUVG;
				ENABLE_APP_SANDBOX = YES;
				INFOPLIST_KEY_NSSupportsLiveActivities = YES;
				INFOPLIST_KEY_UISupportedInterfaceOrientations_iPad = "UIInterfaceOrientationPortrait UIInterfaceOrientationPortraitUpsideDown UIInterfaceOrientationLandscapeLeft UIInterfaceOrientationLandscapeRight";
				INFOPLIST_KEY_UISupportedInterfaceOrientations_iPhone = "UIInterfaceOrientationPortrait UIInterfaceOrientationLandscapeLeft UIInterfaceOrientationLandscapeRight";
			};
			name = Release;
		};
		C93425972F6BEA40009ECD88 /* Debug */ = {
			isa = XCBuildConfiguration;
			baseConfigurationReference = D0A000000000000000000021 /* Project-Debug.xcconfig */;
			buildSettings = {
				ALWAYS_SEARCH_USER_PATHS = NO;
				ASSETCATALOG_COMPILER_GENERATE_SWIFT_ASSET_SYMBOL_EXTENSIONS = YES;
				CLANG_ANALYZER_NONNULL = YES;
				CLANG_ANALYZER_NUMBER_OBJECT_CONVERSION = YES_AGGRESSIVE;
				CLANG_CXX_LANGUAGE_STANDARD = "gnu++20";
				CLANG_ENABLE_MODULES = YES;
				CLANG_ENABLE_OBJC_ARC = YES;
				CLANG_ENABLE_OBJC_WEAK = YES;
				CLANG_WARN_BLOCK_CAPTURE_AUTORELEASING = YES;
				CLANG_WARN_BOOL_CONVERSION = YES;
				CLANG_WARN_COMMA = YES;
				CLANG_WARN_CONSTANT_CONVERSION = YES;
				CLANG_WARN_DEPRECATED_OBJC_IMPLEMENTATIONS = YES;
				CLANG_WARN_DIRECT_OBJC_ISA_USAGE = YES_ERROR;
				CLANG_WARN_DOCUMENTATION_COMMENTS = YES;
				CLANG_WARN_EMPTY_BODY = YES;
				CLANG_WARN_ENUM_CONVERSION = YES;
				CLANG_WARN_INFINITE_RECURSION = YES;
				CLANG_WARN_INT_CONVERSION = YES;
				CLANG_WARN_NON_LITERAL_NULL_CONVERSION = YES;
				CLANG_WARN_OBJC_IMPLICIT_RETAIN_SELF = YES;
				CLANG_WARN_OBJC_LITERAL_CONVERSION = YES;
				CLANG_WARN_OBJC_ROOT_CLASS = YES_ERROR;
				CLANG_WARN_QUOTED_INCLUDE_IN_FRAMEWORK_HEADER = YES;
				CLANG_WARN_RANGE_LOOP_ANALYSIS = YES;
				CLANG_WARN_STRICT_PROTOTYPES = YES;
				CLANG_WARN_SUSPICIOUS_MOVE = YES;
				CLANG_WARN_UNGUARDED_AVAILABILITY = YES_AGGRESSIVE;
				CLANG_WARN_UNREACHABLE_CODE = YES;
				CLANG_WARN__DUPLICATE_METHOD_MATCH = YES;
				COPY_PHASE_STRIP = NO;
				DEBUG_INFORMATION_FORMAT = dwarf;
				ENABLE_STRICT_OBJC_MSGSEND = YES;
				ENABLE_TESTABILITY = YES;
				ENABLE_USER_SCRIPT_SANDBOXING = YES;
				GCC_C_LANGUAGE_STANDARD = gnu17;
				GCC_DYNAMIC_NO_PIC = NO;
				GCC_NO_COMMON_BLOCKS = YES;
				GCC_OPTIMIZATION_LEVEL = 0;
				GCC_PREPROCESSOR_DEFINITIONS = (
					"DEBUG=1",
					"$(inherited)",
				);
				GCC_WARN_64_TO_32_BIT_CONVERSION = YES;
				GCC_WARN_ABOUT_RETURN_TYPE = YES_ERROR;
				GCC_WARN_UNDECLARED_SELECTOR = YES;
				GCC_WARN_UNINITIALIZED_AUTOS = YES_AGGRESSIVE;
				GCC_WARN_UNUSED_FUNCTION = YES;
				GCC_WARN_UNUSED_VARIABLE = YES;
				LOCALIZATION_PREFERS_STRING_CATALOGS = YES;
				MTL_ENABLE_DEBUG_INFO = INCLUDE_SOURCE;
				MTL_FAST_MATH = YES;
			};
			name = Debug;
		};
		C93425982F6BEA40009ECD88 /* Release */ = {
			isa = XCBuildConfiguration;
			baseConfigurationReference = D0A000000000000000000022 /* Project-Release.xcconfig */;
			buildSettings = {
				ALWAYS_SEARCH_USER_PATHS = NO;
				ASSETCATALOG_COMPILER_GENERATE_SWIFT_ASSET_SYMBOL_EXTENSIONS = YES;
				CLANG_ANALYZER_NONNULL = YES;
				CLANG_ANALYZER_NUMBER_OBJECT_CONVERSION = YES_AGGRESSIVE;
				CLANG_CXX_LANGUAGE_STANDARD = "gnu++20";
				CLANG_ENABLE_MODULES = YES;
				CLANG_ENABLE_OBJC_ARC = YES;
				CLANG_ENABLE_OBJC_WEAK = YES;
				CLANG_WARN_BLOCK_CAPTURE_AUTORELEASING = YES;
				CLANG_WARN_BOOL_CONVERSION = YES;
				CLANG_WARN_COMMA = YES;
				CLANG_WARN_CONSTANT_CONVERSION = YES;
				CLANG_WARN_DEPRECATED_OBJC_IMPLEMENTATIONS = YES;
				CLANG_WARN_DIRECT_OBJC_ISA_USAGE = YES_ERROR;
				CLANG_WARN_DOCUMENTATION_COMMENTS = YES;
				CLANG_WARN_EMPTY_BODY = YES;
				CLANG_WARN_ENUM_CONVERSION = YES;
				CLANG_WARN_INFINITE_RECURSION = YES;
				CLANG_WARN_INT_CONVERSION = YES;
				CLANG_WARN_NON_LITERAL_NULL_CONVERSION = YES;
				CLANG_WARN_OBJC_IMPLICIT_RETAIN_SELF = YES;
				CLANG_WARN_OBJC_LITERAL_CONVERSION = YES;
				CLANG_WARN_OBJC_ROOT_CLASS = YES_ERROR;
				CLANG_WARN_QUOTED_INCLUDE_IN_FRAMEWORK_HEADER = YES;
				CLANG_WARN_RANGE_LOOP_ANALYSIS = YES;
				CLANG_WARN_STRICT_PROTOTYPES = YES;
				CLANG_WARN_SUSPICIOUS_MOVE = YES;
				CLANG_WARN_UNGUARDED_AVAILABILITY = YES_AGGRESSIVE;
				CLANG_WARN_UNREACHABLE_CODE = YES;
				CLANG_WARN__DUPLICATE_METHOD_MATCH = YES;
				COPY_PHASE_STRIP = NO;
				DEBUG_INFORMATION_FORMAT = "dwarf-with-dsym";
				ENABLE_NS_ASSERTIONS = NO;
				ENABLE_STRICT_OBJC_MSGSEND = YES;
				ENABLE_USER_SCRIPT_SANDBOXING = YES;
				GCC_C_LANGUAGE_STANDARD = gnu17;
				GCC_NO_COMMON_BLOCKS = YES;
				GCC_WARN_64_TO_32_BIT_CONVERSION = YES;
				GCC_WARN_ABOUT_RETURN_TYPE = YES_ERROR;
				GCC_WARN_UNDECLARED_SELECTOR = YES;
				GCC_WARN_UNINITIALIZED_AUTOS = YES_AGGRESSIVE;
				GCC_WARN_UNUSED_FUNCTION = YES;
				GCC_WARN_UNUSED_VARIABLE = YES;
				LOCALIZATION_PREFERS_STRING_CATALOGS = YES;
				MTL_ENABLE_DEBUG_INFO = NO;
				MTL_FAST_MATH = YES;
			};
			name = Release;
		};
		C934259A2F6BEA40009ECD88 /* Debug */ = {
			isa = XCBuildConfiguration;
			baseConfigurationReference = D0A000000000000000000024 /* Tests.xcconfig */;
			buildSettings = {
				GENERATE_INFOPLIST_FILE = YES;
			};
			name = Debug;
		};
		C934259B2F6BEA40009ECD88 /* Release */ = {
			isa = XCBuildConfiguration;
			baseConfigurationReference = D0A000000000000000000024 /* Tests.xcconfig */;
			buildSettings = {
				GENERATE_INFOPLIST_FILE = YES;
			};
			name = Release;
		};
		C934259D2F6BEA40009ECD88 /* Debug */ = {
			isa = XCBuildConfiguration;
			baseConfigurationReference = D0A000000000000000000025 /* UITests.xcconfig */;
			buildSettings = {
				GENERATE_INFOPLIST_FILE = YES;
			};
			name = Debug;
		};
		C934259E2F6BEA40009ECD88 /* Release */ = {
			isa = XCBuildConfiguration;
			baseConfigurationReference = D0A000000000000000000025 /* UITests.xcconfig */;
			buildSettings = {
				GENERATE_INFOPLIST_FILE = YES;
			};
			name = Release;
		};
		D0A00000000000000000005C /* Debug */ = {
			isa = XCBuildConfiguration;
			baseConfigurationReference = D0A000000000000000000055 /* LiveActivitiesExtension.xcconfig */;
			buildSettings = {
			};
			name = Debug;
		};
		D0A00000000000000000005D /* Release */ = {
			isa = XCBuildConfiguration;
			baseConfigurationReference = D0A000000000000000000055 /* LiveActivitiesExtension.xcconfig */;
			buildSettings = {
			};
			name = Release;
		};
/* End XCBuildConfiguration section */

/* Begin XCConfigurationList section */
		C934256B2F6BEA3F009ECD88 /* Build configuration list for PBXProject "Baby Tracker" */ = {
			isa = XCConfigurationList;
			buildConfigurations = (
				C93425972F6BEA40009ECD88 /* Debug */,
				C93425982F6BEA40009ECD88 /* Release */,
			);
			defaultConfigurationIsVisible = 0;
			defaultConfigurationName = Release;
		};
		C93425942F6BEA40009ECD88 /* Build configuration list for PBXNativeTarget "Baby Tracker" */ = {
			isa = XCConfigurationList;
			buildConfigurations = (
				C93425952F6BEA40009ECD88 /* Debug */,
				C93425962F6BEA40009ECD88 /* Release */,
			);
			defaultConfigurationIsVisible = 0;
			defaultConfigurationName = Release;
		};
		C93425992F6BEA40009ECD88 /* Build configuration list for PBXNativeTarget "Baby TrackerTests" */ = {
			isa = XCConfigurationList;
			buildConfigurations = (
				C934259A2F6BEA40009ECD88 /* Debug */,
				C934259B2F6BEA40009ECD88 /* Release */,
			);
			defaultConfigurationIsVisible = 0;
			defaultConfigurationName = Release;
		};
		C934259C2F6BEA40009ECD88 /* Build configuration list for PBXNativeTarget "Baby TrackerUITests" */ = {
			isa = XCConfigurationList;
			buildConfigurations = (
				C934259D2F6BEA40009ECD88 /* Debug */,
				C934259E2F6BEA40009ECD88 /* Release */,
			);
			defaultConfigurationIsVisible = 0;
			defaultConfigurationName = Release;
		};
		D0A00000000000000000005E /* Build configuration list for PBXNativeTarget "Baby Tracker Live Activities" */ = {
			isa = XCConfigurationList;
			buildConfigurations = (
				D0A00000000000000000005C /* Debug */,
				D0A00000000000000000005D /* Release */,
			);
			defaultConfigurationIsVisible = 0;
			defaultConfigurationName = Release;
		};
/* End XCConfigurationList section */

/* Begin XCLocalSwiftPackageReference section */
		D0A000000000000000000030 /* XCLocalSwiftPackageReference "Packages/BabyTrackerDomain" */ = {
			isa = XCLocalSwiftPackageReference;
			relativePath = Packages/BabyTrackerDomain;
		};
		D0A000000000000000000031 /* XCLocalSwiftPackageReference "Packages/BabyTrackerPersistence" */ = {
			isa = XCLocalSwiftPackageReference;
			relativePath = Packages/BabyTrackerPersistence;
		};
		D0A000000000000000000032 /* XCLocalSwiftPackageReference "Packages/BabyTrackerSync" */ = {
			isa = XCLocalSwiftPackageReference;
			relativePath = Packages/BabyTrackerSync;
		};
		D0A000000000000000000033 /* XCLocalSwiftPackageReference "Packages/BabyTrackerFeature" */ = {
			isa = XCLocalSwiftPackageReference;
			relativePath = Packages/BabyTrackerFeature;
		};
		D0A000000000000000000034 /* XCLocalSwiftPackageReference "Packages/BabyTrackerLiveActivities" */ = {
			isa = XCLocalSwiftPackageReference;
			relativePath = Packages/BabyTrackerLiveActivities;
		};
/* End XCLocalSwiftPackageReference section */

/* Begin XCSwiftPackageProductDependency section */
		D0A000000000000000000040 /* BabyTrackerFeature */ = {
			isa = XCSwiftPackageProductDependency;
			productName = BabyTrackerFeature;
		};
		D0A000000000000000000041 /* BabyTrackerDomain */ = {
			isa = XCSwiftPackageProductDependency;
			productName = BabyTrackerDomain;
		};
		D0A000000000000000000042 /* BabyTrackerPersistence */ = {
			isa = XCSwiftPackageProductDependency;
			productName = BabyTrackerPersistence;
		};
		D0A000000000000000000043 /* BabyTrackerSync */ = {
			isa = XCSwiftPackageProductDependency;
			productName = BabyTrackerSync;
		};
		D0A000000000000000000044 /* BabyTrackerLiveActivities */ = {
			isa = XCSwiftPackageProductDependency;
			productName = BabyTrackerLiveActivities;
		};
/* End XCSwiftPackageProductDependency section */
	};
	rootObject = C93425682F6BEA3F009ECD88 /* Project object */;
}
